// !$*UTF8*$!
{
	archiveVersion = 1;
	classes = {
	};
	objectVersion = 56;
	objects = {

/* Begin PBXBuildFile section */
		58E9E867FA993813B4DEC2B8 /* Pods_ImageCacheExample.framework in Frameworks */ = {isa = PBXBuildFile; fileRef = A9D4B5E61F73989F072CDA9E /* Pods_ImageCacheExample.framework */; };
		60C00F79394505A0C7FC2950 /* Pods_ImageCacheExample_ImageCacheExampleUITests.framework in Frameworks */ = {isa = PBXBuildFile; fileRef = 1970689307190F9A605F8DA3 /* Pods_ImageCacheExample_ImageCacheExampleUITests.framework */; };
		DA170D93291681A600BFC7B1 /* AppDelegate.swift in Sources */ = {isa = PBXBuildFile; fileRef = DA170D92291681A600BFC7B1 /* AppDelegate.swift */; };
		DA170D95291681A600BFC7B1 /* SceneDelegate.swift in Sources */ = {isa = PBXBuildFile; fileRef = DA170D94291681A600BFC7B1 /* SceneDelegate.swift */; };
		DA170D9C291681A800BFC7B1 /* Assets.xcassets in Resources */ = {isa = PBXBuildFile; fileRef = DA170D9B291681A800BFC7B1 /* Assets.xcassets */; };
		DA170D9F291681A800BFC7B1 /* LaunchScreen.storyboard in Resources */ = {isa = PBXBuildFile; fileRef = DA170D9D291681A800BFC7B1 /* LaunchScreen.storyboard */; };
		DA170DAA291681A800BFC7B1 /* ImageCacheExampleTests.swift in Sources */ = {isa = PBXBuildFile; fileRef = DA170DA9291681A800BFC7B1 /* ImageCacheExampleTests.swift */; };
		DA170DB4291681A800BFC7B1 /* ImageCacheExampleUITests.swift in Sources */ = {isa = PBXBuildFile; fileRef = DA170DB3291681A800BFC7B1 /* ImageCacheExampleUITests.swift */; };
		DA170DB6291681A800BFC7B1 /* ImageCacheExampleUITestsLaunchTests.swift in Sources */ = {isa = PBXBuildFile; fileRef = DA170DB5291681A800BFC7B1 /* ImageCacheExampleUITestsLaunchTests.swift */; };
		DA229B2A2917774900413CBD /* WithSideBar.storyboard in Resources */ = {isa = PBXBuildFile; fileRef = DA229B292917774900413CBD /* WithSideBar.storyboard */; };
		DA229B2C2917775800413CBD /* WithSideBarViewController.swift in Sources */ = {isa = PBXBuildFile; fileRef = DA229B2B2917775800413CBD /* WithSideBarViewController.swift */; };
		DA229B2E2917776300413CBD /* WithPullDownMenu.storyboard in Resources */ = {isa = PBXBuildFile; fileRef = DA229B2D2917776300413CBD /* WithPullDownMenu.storyboard */; };
		DA229B302917776D00413CBD /* WithPullDownMenuViewController.swift in Sources */ = {isa = PBXBuildFile; fileRef = DA229B2F2917776D00413CBD /* WithPullDownMenuViewController.swift */; };
		DA229B332917783500413CBD /* PhotoTableViewController.swift in Sources */ = {isa = PBXBuildFile; fileRef = DA229B322917783500413CBD /* PhotoTableViewController.swift */; };
		DA229B352917786800413CBD /* PhotoTable.storyboard in Resources */ = {isa = PBXBuildFile; fileRef = DA229B342917786800413CBD /* PhotoTable.storyboard */; };
		DA229B38291778F800413CBD /* PhotoTableViewCell.swift in Sources */ = {isa = PBXBuildFile; fileRef = DA229B37291778F800413CBD /* PhotoTableViewCell.swift */; };
		DA229B3B29177A8E00413CBD /* MainTabBarController.swift in Sources */ = {isa = PBXBuildFile; fileRef = DA229B3A29177A8E00413CBD /* MainTabBarController.swift */; };
		DA229B3E29177D1100413CBD /* Instantiatable.swift in Sources */ = {isa = PBXBuildFile; fileRef = DA229B3D29177D1100413CBD /* Instantiatable.swift */; };
		DAAFB2442917A1FD007A8DF0 /* Photo.swift in Sources */ = {isa = PBXBuildFile; fileRef = DAAFB2432917A1FD007A8DF0 /* Photo.swift */; };
		DAAFB2472917AC01007A8DF0 /* PhotoRepository.swift in Sources */ = {isa = PBXBuildFile; fileRef = DAAFB2462917AC01007A8DF0 /* PhotoRepository.swift */; };
		E1E489374D90F94CB5A174A0 /* Pods_ImageCacheExampleTests.framework in Frameworks */ = {isa = PBXBuildFile; fileRef = 1456699012B2C71B7C42F72A /* Pods_ImageCacheExampleTests.framework */; };
/* End PBXBuildFile section */

/* Begin PBXContainerItemProxy section */
		DA170DA6291681A800BFC7B1 /* PBXContainerItemProxy */ = {
			isa = PBXContainerItemProxy;
			containerPortal = DA170D87291681A600BFC7B1 /* Project object */;
			proxyType = 1;
			remoteGlobalIDString = DA170D8E291681A600BFC7B1;
			remoteInfo = ImageCacheExample;
		};
		DA170DB0291681A800BFC7B1 /* PBXContainerItemProxy */ = {
			isa = PBXContainerItemProxy;
			containerPortal = DA170D87291681A600BFC7B1 /* Project object */;
			proxyType = 1;
			remoteGlobalIDString = DA170D8E291681A600BFC7B1;
			remoteInfo = ImageCacheExample;
		};
/* End PBXContainerItemProxy section */

/* Begin PBXFileReference section */
		0DA94FA519FF71F8D8F3BFAB /* Pods-ImageCacheExample.release.xcconfig */ = {isa = PBXFileReference; includeInIndex = 1; lastKnownFileType = text.xcconfig; name = "Pods-ImageCacheExample.release.xcconfig"; path = "Target Support Files/Pods-ImageCacheExample/Pods-ImageCacheExample.release.xcconfig"; sourceTree = "<group>"; };
		1456699012B2C71B7C42F72A /* Pods_ImageCacheExampleTests.framework */ = {isa = PBXFileReference; explicitFileType = wrapper.framework; includeInIndex = 0; path = Pods_ImageCacheExampleTests.framework; sourceTree = BUILT_PRODUCTS_DIR; };
		1970689307190F9A605F8DA3 /* Pods_ImageCacheExample_ImageCacheExampleUITests.framework */ = {isa = PBXFileReference; explicitFileType = wrapper.framework; includeInIndex = 0; path = Pods_ImageCacheExample_ImageCacheExampleUITests.framework; sourceTree = BUILT_PRODUCTS_DIR; };
		879CF16911722B9CD77AFB68 /* Pods-ImageCacheExample.debug.xcconfig */ = {isa = PBXFileReference; includeInIndex = 1; lastKnownFileType = text.xcconfig; name = "Pods-ImageCacheExample.debug.xcconfig"; path = "Target Support Files/Pods-ImageCacheExample/Pods-ImageCacheExample.debug.xcconfig"; sourceTree = "<group>"; };
		A8EB14439CD22D1748F35D03 /* Pods-ImageCacheExampleTests.debug.xcconfig */ = {isa = PBXFileReference; includeInIndex = 1; lastKnownFileType = text.xcconfig; name = "Pods-ImageCacheExampleTests.debug.xcconfig"; path = "Target Support Files/Pods-ImageCacheExampleTests/Pods-ImageCacheExampleTests.debug.xcconfig"; sourceTree = "<group>"; };
		A9D4B5E61F73989F072CDA9E /* Pods_ImageCacheExample.framework */ = {isa = PBXFileReference; explicitFileType = wrapper.framework; includeInIndex = 0; path = Pods_ImageCacheExample.framework; sourceTree = BUILT_PRODUCTS_DIR; };
		BA5DDE8C16BC77164289A566 /* Pods-ImageCacheExample-ImageCacheExampleUITests.release.xcconfig */ = {isa = PBXFileReference; includeInIndex = 1; lastKnownFileType = text.xcconfig; name = "Pods-ImageCacheExample-ImageCacheExampleUITests.release.xcconfig"; path = "Target Support Files/Pods-ImageCacheExample-ImageCacheExampleUITests/Pods-ImageCacheExample-ImageCacheExampleUITests.release.xcconfig"; sourceTree = "<group>"; };
		CE8F008ED00DB78AD99B6D56 /* Pods-ImageCacheExample-ImageCacheExampleUITests.debug.xcconfig */ = {isa = PBXFileReference; includeInIndex = 1; lastKnownFileType = text.xcconfig; name = "Pods-ImageCacheExample-ImageCacheExampleUITests.debug.xcconfig"; path = "Target Support Files/Pods-ImageCacheExample-ImageCacheExampleUITests/Pods-ImageCacheExample-ImageCacheExampleUITests.debug.xcconfig"; sourceTree = "<group>"; };
		DA170D8F291681A600BFC7B1 /* ImageCacheExample.app */ = {isa = PBXFileReference; explicitFileType = wrapper.application; includeInIndex = 0; path = ImageCacheExample.app; sourceTree = BUILT_PRODUCTS_DIR; };
		DA170D92291681A600BFC7B1 /* AppDelegate.swift */ = {isa = PBXFileReference; lastKnownFileType = sourcecode.swift; path = AppDelegate.swift; sourceTree = "<group>"; };
		DA170D94291681A600BFC7B1 /* SceneDelegate.swift */ = {isa = PBXFileReference; lastKnownFileType = sourcecode.swift; path = SceneDelegate.swift; sourceTree = "<group>"; };
		DA170D9B291681A800BFC7B1 /* Assets.xcassets */ = {isa = PBXFileReference; lastKnownFileType = folder.assetcatalog; path = Assets.xcassets; sourceTree = "<group>"; };
		DA170D9E291681A800BFC7B1 /* Base */ = {isa = PBXFileReference; lastKnownFileType = file.storyboard; name = Base; path = Base.lproj/LaunchScreen.storyboard; sourceTree = "<group>"; };
		DA170DA0291681A800BFC7B1 /* Info.plist */ = {isa = PBXFileReference; lastKnownFileType = text.plist.xml; path = Info.plist; sourceTree = "<group>"; };
		DA170DA5291681A800BFC7B1 /* ImageCacheExampleTests.xctest */ = {isa = PBXFileReference; explicitFileType = wrapper.cfbundle; includeInIndex = 0; path = ImageCacheExampleTests.xctest; sourceTree = BUILT_PRODUCTS_DIR; };
		DA170DA9291681A800BFC7B1 /* ImageCacheExampleTests.swift */ = {isa = PBXFileReference; lastKnownFileType = sourcecode.swift; path = ImageCacheExampleTests.swift; sourceTree = "<group>"; };
		DA170DAF291681A800BFC7B1 /* ImageCacheExampleUITests.xctest */ = {isa = PBXFileReference; explicitFileType = wrapper.cfbundle; includeInIndex = 0; path = ImageCacheExampleUITests.xctest; sourceTree = BUILT_PRODUCTS_DIR; };
		DA170DB3291681A800BFC7B1 /* ImageCacheExampleUITests.swift */ = {isa = PBXFileReference; lastKnownFileType = sourcecode.swift; path = ImageCacheExampleUITests.swift; sourceTree = "<group>"; };
		DA170DB5291681A800BFC7B1 /* ImageCacheExampleUITestsLaunchTests.swift */ = {isa = PBXFileReference; lastKnownFileType = sourcecode.swift; path = ImageCacheExampleUITestsLaunchTests.swift; sourceTree = "<group>"; };
		DA229B292917774900413CBD /* WithSideBar.storyboard */ = {isa = PBXFileReference; lastKnownFileType = file.storyboard; path = WithSideBar.storyboard; sourceTree = "<group>"; };
		DA229B2B2917775800413CBD /* WithSideBarViewController.swift */ = {isa = PBXFileReference; lastKnownFileType = sourcecode.swift; path = WithSideBarViewController.swift; sourceTree = "<group>"; };
		DA229B2D2917776300413CBD /* WithPullDownMenu.storyboard */ = {isa = PBXFileReference; lastKnownFileType = file.storyboard; path = WithPullDownMenu.storyboard; sourceTree = "<group>"; };
		DA229B2F2917776D00413CBD /* WithPullDownMenuViewController.swift */ = {isa = PBXFileReference; lastKnownFileType = sourcecode.swift; path = WithPullDownMenuViewController.swift; sourceTree = "<group>"; };
		DA229B322917783500413CBD /* PhotoTableViewController.swift */ = {isa = PBXFileReference; lastKnownFileType = sourcecode.swift; path = PhotoTableViewController.swift; sourceTree = "<group>"; };
		DA229B342917786800413CBD /* PhotoTable.storyboard */ = {isa = PBXFileReference; lastKnownFileType = file.storyboard; path = PhotoTable.storyboard; sourceTree = "<group>"; };
		DA229B37291778F800413CBD /* PhotoTableViewCell.swift */ = {isa = PBXFileReference; lastKnownFileType = sourcecode.swift; path = PhotoTableViewCell.swift; sourceTree = "<group>"; };
		DA229B3A29177A8E00413CBD /* MainTabBarController.swift */ = {isa = PBXFileReference; lastKnownFileType = sourcecode.swift; path = MainTabBarController.swift; sourceTree = "<group>"; };
		DA229B3D29177D1100413CBD /* Instantiatable.swift */ = {isa = PBXFileReference; lastKnownFileType = sourcecode.swift; path = Instantiatable.swift; sourceTree = "<group>"; };
		DAAFB2432917A1FD007A8DF0 /* Photo.swift */ = {isa = PBXFileReference; lastKnownFileType = sourcecode.swift; path = Photo.swift; sourceTree = "<group>"; };
		DAAFB2462917AC01007A8DF0 /* PhotoRepository.swift */ = {isa = PBXFileReference; lastKnownFileType = sourcecode.swift; path = PhotoRepository.swift; sourceTree = "<group>"; };
		F987F8D59FB1B5110DA91CCE /* Pods-ImageCacheExampleTests.release.xcconfig */ = {isa = PBXFileReference; includeInIndex = 1; lastKnownFileType = text.xcconfig; name = "Pods-ImageCacheExampleTests.release.xcconfig"; path = "Target Support Files/Pods-ImageCacheExampleTests/Pods-ImageCacheExampleTests.release.xcconfig"; sourceTree = "<group>"; };
/* End PBXFileReference section */

/* Begin PBXFrameworksBuildPhase section */
		DA170D8C291681A600BFC7B1 /* Frameworks */ = {
			isa = PBXFrameworksBuildPhase;
			buildActionMask = 2147483647;
			files = (
				58E9E867FA993813B4DEC2B8 /* Pods_ImageCacheExample.framework in Frameworks */,
			);
			runOnlyForDeploymentPostprocessing = 0;
		};
		DA170DA2291681A800BFC7B1 /* Frameworks */ = {
			isa = PBXFrameworksBuildPhase;
			buildActionMask = 2147483647;
			files = (
				E1E489374D90F94CB5A174A0 /* Pods_ImageCacheExampleTests.framework in Frameworks */,
			);
			runOnlyForDeploymentPostprocessing = 0;
		};
		DA170DAC291681A800BFC7B1 /* Frameworks */ = {
			isa = PBXFrameworksBuildPhase;
			buildActionMask = 2147483647;
			files = (
				60C00F79394505A0C7FC2950 /* Pods_ImageCacheExample_ImageCacheExampleUITests.framework in Frameworks */,
			);
			runOnlyForDeploymentPostprocessing = 0;
		};
/* End PBXFrameworksBuildPhase section */

/* Begin PBXGroup section */
		5970BEC8C8229F5ACA82D8F1 /* Frameworks */ = {
			isa = PBXGroup;
			children = (
				A9D4B5E61F73989F072CDA9E /* Pods_ImageCacheExample.framework */,
				1970689307190F9A605F8DA3 /* Pods_ImageCacheExample_ImageCacheExampleUITests.framework */,
				1456699012B2C71B7C42F72A /* Pods_ImageCacheExampleTests.framework */,
			);
			name = Frameworks;
			sourceTree = "<group>";
		};
		AA0F2F50718E9FE354C64172 /* Pods */ = {
			isa = PBXGroup;
			children = (
				879CF16911722B9CD77AFB68 /* Pods-ImageCacheExample.debug.xcconfig */,
				0DA94FA519FF71F8D8F3BFAB /* Pods-ImageCacheExample.release.xcconfig */,
				CE8F008ED00DB78AD99B6D56 /* Pods-ImageCacheExample-ImageCacheExampleUITests.debug.xcconfig */,
				BA5DDE8C16BC77164289A566 /* Pods-ImageCacheExample-ImageCacheExampleUITests.release.xcconfig */,
				A8EB14439CD22D1748F35D03 /* Pods-ImageCacheExampleTests.debug.xcconfig */,
				F987F8D59FB1B5110DA91CCE /* Pods-ImageCacheExampleTests.release.xcconfig */,
			);
			path = Pods;
			sourceTree = "<group>";
		};
		DA170D86291681A600BFC7B1 = {
			isa = PBXGroup;
			children = (
				DA170D91291681A600BFC7B1 /* ImageCacheExample */,
				DA170DA8291681A800BFC7B1 /* ImageCacheExampleTests */,
				DA170DB2291681A800BFC7B1 /* ImageCacheExampleUITests */,
				DA170D90291681A600BFC7B1 /* Products */,
				AA0F2F50718E9FE354C64172 /* Pods */,
				5970BEC8C8229F5ACA82D8F1 /* Frameworks */,
			);
			sourceTree = "<group>";
		};
		DA170D90291681A600BFC7B1 /* Products */ = {
			isa = PBXGroup;
			children = (
				DA170D8F291681A600BFC7B1 /* ImageCacheExample.app */,
				DA170DA5291681A800BFC7B1 /* ImageCacheExampleTests.xctest */,
				DA170DAF291681A800BFC7B1 /* ImageCacheExampleUITests.xctest */,
			);
			name = Products;
			sourceTree = "<group>";
		};
		DA170D91291681A600BFC7B1 /* ImageCacheExample */ = {
			isa = PBXGroup;
			children = (
				DA229B222917723500413CBD /* Application */,
				DAAFB2422917A1E6007A8DF0 /* Entities */,
				DA229B232917723D00413CBD /* Presentation */,
				DAAFB2452917ABF5007A8DF0 /* Repositories */,
				DA229B242917724100413CBD /* Resources */,
			);
			path = ImageCacheExample;
			sourceTree = "<group>";
		};
		DA170DA8291681A800BFC7B1 /* ImageCacheExampleTests */ = {
			isa = PBXGroup;
			children = (
				DA170DA9291681A800BFC7B1 /* ImageCacheExampleTests.swift */,
			);
			path = ImageCacheExampleTests;
			sourceTree = "<group>";
		};
		DA170DB2291681A800BFC7B1 /* ImageCacheExampleUITests */ = {
			isa = PBXGroup;
			children = (
				DA170DB3291681A800BFC7B1 /* ImageCacheExampleUITests.swift */,
				DA170DB5291681A800BFC7B1 /* ImageCacheExampleUITestsLaunchTests.swift */,
			);
			path = ImageCacheExampleUITests;
			sourceTree = "<group>";
		};
		DA229B222917723500413CBD /* Application */ = {
			isa = PBXGroup;
			children = (
				DA170D92291681A600BFC7B1 /* AppDelegate.swift */,
				DA170D94291681A600BFC7B1 /* SceneDelegate.swift */,
			);
			path = Application;
			sourceTree = "<group>";
		};
		DA229B232917723D00413CBD /* Presentation */ = {
			isa = PBXGroup;
			children = (
				DA229B3929177A7300413CBD /* Common */,
				DA229B252917755C00413CBD /* MainScene */,
				DA229B3C29177D0600413CBD /* Utils */,
			);
			path = Presentation;
			sourceTree = "<group>";
		};
		DA229B242917724100413CBD /* Resources */ = {
			isa = PBXGroup;
			children = (
				DA170D9B291681A800BFC7B1 /* Assets.xcassets */,
				DA170D9D291681A800BFC7B1 /* LaunchScreen.storyboard */,
				DA170DA0291681A800BFC7B1 /* Info.plist */,
			);
			path = Resources;
			sourceTree = "<group>";
		};
		DA229B252917755C00413CBD /* MainScene */ = {
			isa = PBXGroup;
			children = (
				DA229B262917756E00413CBD /* Common */,
				DA229B272917758900413CBD /* WithPullDownMenu */,
				DA229B282917763600413CBD /* WithSideBar */,
			);
			path = MainScene;
			sourceTree = "<group>";
		};
		DA229B262917756E00413CBD /* Common */ = {
			isa = PBXGroup;
			children = (
				DA229B312917779800413CBD /* PhotoTableView */,
			);
			path = Common;
			sourceTree = "<group>";
		};
		DA229B272917758900413CBD /* WithPullDownMenu */ = {
			isa = PBXGroup;
			children = (
				DA229B2D2917776300413CBD /* WithPullDownMenu.storyboard */,
				DA229B2F2917776D00413CBD /* WithPullDownMenuViewController.swift */,
			);
			path = WithPullDownMenu;
			sourceTree = "<group>";
		};
		DA229B282917763600413CBD /* WithSideBar */ = {
			isa = PBXGroup;
			children = (
				DA229B292917774900413CBD /* WithSideBar.storyboard */,
				DA229B2B2917775800413CBD /* WithSideBarViewController.swift */,
			);
			path = WithSideBar;
			sourceTree = "<group>";
		};
		DA229B312917779800413CBD /* PhotoTableView */ = {
			isa = PBXGroup;
			children = (
				DA229B342917786800413CBD /* PhotoTable.storyboard */,
				DA229B322917783500413CBD /* PhotoTableViewController.swift */,
				DA229B36291778D400413CBD /* Cell */,
			);
			path = PhotoTableView;
			sourceTree = "<group>";
		};
		DA229B36291778D400413CBD /* Cell */ = {
			isa = PBXGroup;
			children = (
				DA229B37291778F800413CBD /* PhotoTableViewCell.swift */,
			);
			path = Cell;
			sourceTree = "<group>";
		};
		DA229B3929177A7300413CBD /* Common */ = {
			isa = PBXGroup;
			children = (
				DA229B3A29177A8E00413CBD /* MainTabBarController.swift */,
			);
			path = Common;
			sourceTree = "<group>";
		};
		DA229B3C29177D0600413CBD /* Utils */ = {
			isa = PBXGroup;
			children = (
				DA229B3D29177D1100413CBD /* Instantiatable.swift */,
			);
			path = Utils;
			sourceTree = "<group>";
		};
		DAAFB2422917A1E6007A8DF0 /* Entities */ = {
			isa = PBXGroup;
			children = (
				DAAFB2432917A1FD007A8DF0 /* Photo.swift */,
			);
			path = Entities;
			sourceTree = "<group>";
		};
		DAAFB2452917ABF5007A8DF0 /* Repositories */ = {
			isa = PBXGroup;
			children = (
				DAAFB2462917AC01007A8DF0 /* PhotoRepository.swift */,
			);
			path = Repositories;
			sourceTree = "<group>";
		};
/* End PBXGroup section */

/* Begin PBXNativeTarget section */
		DA170D8E291681A600BFC7B1 /* ImageCacheExample */ = {
			isa = PBXNativeTarget;
			buildConfigurationList = DA170DB9291681A800BFC7B1 /* Build configuration list for PBXNativeTarget "ImageCacheExample" */;
			buildPhases = (
				B235E3BC228580200FAC840B /* [CP] Check Pods Manifest.lock */,
				DA170D8B291681A600BFC7B1 /* Sources */,
				DA170D8C291681A600BFC7B1 /* Frameworks */,
				DA170D8D291681A600BFC7B1 /* Resources */,
				C4F37D9DDD9C416D8EEA03F4 /* [CP] Embed Pods Frameworks */,
			);
			buildRules = (
			);
			dependencies = (
			);
			name = ImageCacheExample;
			productName = ImageCacheExample;
			productReference = DA170D8F291681A600BFC7B1 /* ImageCacheExample.app */;
			productType = "com.apple.product-type.application";
		};
		DA170DA4291681A800BFC7B1 /* ImageCacheExampleTests */ = {
			isa = PBXNativeTarget;
			buildConfigurationList = DA170DBC291681A800BFC7B1 /* Build configuration list for PBXNativeTarget "ImageCacheExampleTests" */;
			buildPhases = (
				2789E6A40E9B0466E1244A6F /* [CP] Check Pods Manifest.lock */,
				DA170DA1291681A800BFC7B1 /* Sources */,
				DA170DA2291681A800BFC7B1 /* Frameworks */,
				DA170DA3291681A800BFC7B1 /* Resources */,
			);
			buildRules = (
			);
			dependencies = (
				DA170DA7291681A800BFC7B1 /* PBXTargetDependency */,
			);
			name = ImageCacheExampleTests;
			productName = ImageCacheExampleTests;
			productReference = DA170DA5291681A800BFC7B1 /* ImageCacheExampleTests.xctest */;
			productType = "com.apple.product-type.bundle.unit-test";
		};
		DA170DAE291681A800BFC7B1 /* ImageCacheExampleUITests */ = {
			isa = PBXNativeTarget;
			buildConfigurationList = DA170DBF291681A800BFC7B1 /* Build configuration list for PBXNativeTarget "ImageCacheExampleUITests" */;
			buildPhases = (
				B2A96C7FBBCC96C753C7101A /* [CP] Check Pods Manifest.lock */,
				DA170DAB291681A800BFC7B1 /* Sources */,
				DA170DAC291681A800BFC7B1 /* Frameworks */,
				DA170DAD291681A800BFC7B1 /* Resources */,
				61A1588A956FAA42E223AC25 /* [CP] Embed Pods Frameworks */,
			);
			buildRules = (
			);
			dependencies = (
				DA170DB1291681A800BFC7B1 /* PBXTargetDependency */,
			);
			name = ImageCacheExampleUITests;
			productName = ImageCacheExampleUITests;
			productReference = DA170DAF291681A800BFC7B1 /* ImageCacheExampleUITests.xctest */;
			productType = "com.apple.product-type.bundle.ui-testing";
		};
/* End PBXNativeTarget section */

/* Begin PBXProject section */
		DA170D87291681A600BFC7B1 /* Project object */ = {
			isa = PBXProject;
			attributes = {
				BuildIndependentTargetsInParallel = 1;
				LastSwiftUpdateCheck = 1400;
				LastUpgradeCheck = 1400;
				TargetAttributes = {
					DA170D8E291681A600BFC7B1 = {
						CreatedOnToolsVersion = 14.0.1;
					};
					DA170DA4291681A800BFC7B1 = {
						CreatedOnToolsVersion = 14.0.1;
						TestTargetID = DA170D8E291681A600BFC7B1;
					};
					DA170DAE291681A800BFC7B1 = {
						CreatedOnToolsVersion = 14.0.1;
						TestTargetID = DA170D8E291681A600BFC7B1;
					};
				};
			};
			buildConfigurationList = DA170D8A291681A600BFC7B1 /* Build configuration list for PBXProject "ImageCacheExample" */;
			compatibilityVersion = "Xcode 14.0";
			developmentRegion = en;
			hasScannedForEncodings = 0;
			knownRegions = (
				en,
				Base,
			);
			mainGroup = DA170D86291681A600BFC7B1;
			productRefGroup = DA170D90291681A600BFC7B1 /* Products */;
			projectDirPath = "";
			projectRoot = "";
			targets = (
				DA170D8E291681A600BFC7B1 /* ImageCacheExample */,
				DA170DA4291681A800BFC7B1 /* ImageCacheExampleTests */,
				DA170DAE291681A800BFC7B1 /* ImageCacheExampleUITests */,
			);
		};
/* End PBXProject section */

/* Begin PBXResourcesBuildPhase section */
		DA170D8D291681A600BFC7B1 /* Resources */ = {
			isa = PBXResourcesBuildPhase;
			buildActionMask = 2147483647;
			files = (
				DA170D9F291681A800BFC7B1 /* LaunchScreen.storyboard in Resources */,
				DA170D9C291681A800BFC7B1 /* Assets.xcassets in Resources */,
				DA229B352917786800413CBD /* PhotoTable.storyboard in Resources */,
				DA229B2E2917776300413CBD /* WithPullDownMenu.storyboard in Resources */,
				DA229B2A2917774900413CBD /* WithSideBar.storyboard in Resources */,
			);
			runOnlyForDeploymentPostprocessing = 0;
		};
		DA170DA3291681A800BFC7B1 /* Resources */ = {
			isa = PBXResourcesBuildPhase;
			buildActionMask = 2147483647;
			files = (
			);
			runOnlyForDeploymentPostprocessing = 0;
		};
		DA170DAD291681A800BFC7B1 /* Resources */ = {
			isa = PBXResourcesBuildPhase;
			buildActionMask = 2147483647;
			files = (
			);
			runOnlyForDeploymentPostprocessing = 0;
		};
/* End PBXResourcesBuildPhase section */

/* Begin PBXShellScriptBuildPhase section */
		2789E6A40E9B0466E1244A6F /* [CP] Check Pods Manifest.lock */ = {
			isa = PBXShellScriptBuildPhase;
			buildActionMask = 2147483647;
			files = (
			);
			inputFileListPaths = (
			);
			inputPaths = (
				"${PODS_PODFILE_DIR_PATH}/Podfile.lock",
				"${PODS_ROOT}/Manifest.lock",
			);
			name = "[CP] Check Pods Manifest.lock";
			outputFileListPaths = (
			);
			outputPaths = (
				"$(DERIVED_FILE_DIR)/Pods-ImageCacheExampleTests-checkManifestLockResult.txt",
			);
			runOnlyForDeploymentPostprocessing = 0;
			shellPath = /bin/sh;
			shellScript = "diff \"${PODS_PODFILE_DIR_PATH}/Podfile.lock\" \"${PODS_ROOT}/Manifest.lock\" > /dev/null\nif [ $? != 0 ] ; then\n    # print error to STDERR\n    echo \"error: The sandbox is not in sync with the Podfile.lock. Run 'pod install' or update your CocoaPods installation.\" >&2\n    exit 1\nfi\n# This output is used by Xcode 'outputs' to avoid re-running this script phase.\necho \"SUCCESS\" > \"${SCRIPT_OUTPUT_FILE_0}\"\n";
			showEnvVarsInLog = 0;
		};
		61A1588A956FAA42E223AC25 /* [CP] Embed Pods Frameworks */ = {
			isa = PBXShellScriptBuildPhase;
			buildActionMask = 2147483647;
			files = (
			);
			inputFileListPaths = (
				"${PODS_ROOT}/Target Support Files/Pods-ImageCacheExample-ImageCacheExampleUITests/Pods-ImageCacheExample-ImageCacheExampleUITests-frameworks-${CONFIGURATION}-input-files.xcfilelist",
			);
			name = "[CP] Embed Pods Frameworks";
			outputFileListPaths = (
				"${PODS_ROOT}/Target Support Files/Pods-ImageCacheExample-ImageCacheExampleUITests/Pods-ImageCacheExample-ImageCacheExampleUITests-frameworks-${CONFIGURATION}-output-files.xcfilelist",
			);
			runOnlyForDeploymentPostprocessing = 0;
			shellPath = /bin/sh;
			shellScript = "\"${PODS_ROOT}/Target Support Files/Pods-ImageCacheExample-ImageCacheExampleUITests/Pods-ImageCacheExample-ImageCacheExampleUITests-frameworks.sh\"\n";
			showEnvVarsInLog = 0;
		};
		B235E3BC228580200FAC840B /* [CP] Check Pods Manifest.lock */ = {
			isa = PBXShellScriptBuildPhase;
			buildActionMask = 2147483647;
			files = (
			);
			inputFileListPaths = (
			);
			inputPaths = (
				"${PODS_PODFILE_DIR_PATH}/Podfile.lock",
				"${PODS_ROOT}/Manifest.lock",
			);
			name = "[CP] Check Pods Manifest.lock";
			outputFileListPaths = (
			);
			outputPaths = (
				"$(DERIVED_FILE_DIR)/Pods-ImageCacheExample-checkManifestLockResult.txt",
			);
			runOnlyForDeploymentPostprocessing = 0;
			shellPath = /bin/sh;
			shellScript = "diff \"${PODS_PODFILE_DIR_PATH}/Podfile.lock\" \"${PODS_ROOT}/Manifest.lock\" > /dev/null\nif [ $? != 0 ] ; then\n    # print error to STDERR\n    echo \"error: The sandbox is not in sync with the Podfile.lock. Run 'pod install' or update your CocoaPods installation.\" >&2\n    exit 1\nfi\n# This output is used by Xcode 'outputs' to avoid re-running this script phase.\necho \"SUCCESS\" > \"${SCRIPT_OUTPUT_FILE_0}\"\n";
			showEnvVarsInLog = 0;
		};
		B2A96C7FBBCC96C753C7101A /* [CP] Check Pods Manifest.lock */ = {
			isa = PBXShellScriptBuildPhase;
			buildActionMask = 2147483647;
			files = (
			);
			inputFileListPaths = (
			);
			inputPaths = (
				"${PODS_PODFILE_DIR_PATH}/Podfile.lock",
				"${PODS_ROOT}/Manifest.lock",
			);
			name = "[CP] Check Pods Manifest.lock";
			outputFileListPaths = (
			);
			outputPaths = (
				"$(DERIVED_FILE_DIR)/Pods-ImageCacheExample-ImageCacheExampleUITests-checkManifestLockResult.txt",
			);
			runOnlyForDeploymentPostprocessing = 0;
			shellPath = /bin/sh;
			shellScript = "diff \"${PODS_PODFILE_DIR_PATH}/Podfile.lock\" \"${PODS_ROOT}/Manifest.lock\" > /dev/null\nif [ $? != 0 ] ; then\n    # print error to STDERR\n    echo \"error: The sandbox is not in sync with the Podfile.lock. Run 'pod install' or update your CocoaPods installation.\" >&2\n    exit 1\nfi\n# This output is used by Xcode 'outputs' to avoid re-running this script phase.\necho \"SUCCESS\" > \"${SCRIPT_OUTPUT_FILE_0}\"\n";
			showEnvVarsInLog = 0;
		};
		C4F37D9DDD9C416D8EEA03F4 /* [CP] Embed Pods Frameworks */ = {
			isa = PBXShellScriptBuildPhase;
			buildActionMask = 2147483647;
			files = (
			);
			inputFileListPaths = (
				"${PODS_ROOT}/Target Support Files/Pods-ImageCacheExample/Pods-ImageCacheExample-frameworks-${CONFIGURATION}-input-files.xcfilelist",
			);
			name = "[CP] Embed Pods Frameworks";
			outputFileListPaths = (
				"${PODS_ROOT}/Target Support Files/Pods-ImageCacheExample/Pods-ImageCacheExample-frameworks-${CONFIGURATION}-output-files.xcfilelist",
			);
			runOnlyForDeploymentPostprocessing = 0;
			shellPath = /bin/sh;
			shellScript = "\"${PODS_ROOT}/Target Support Files/Pods-ImageCacheExample/Pods-ImageCacheExample-frameworks.sh\"\n";
			showEnvVarsInLog = 0;
		};
/* End PBXShellScriptBuildPhase section */

/* Begin PBXSourcesBuildPhase section */
		DA170D8B291681A600BFC7B1 /* Sources */ = {
			isa = PBXSourcesBuildPhase;
			buildActionMask = 2147483647;
			files = (
				DA229B38291778F800413CBD /* PhotoTableViewCell.swift in Sources */,
				DA229B302917776D00413CBD /* WithPullDownMenuViewController.swift in Sources */,
				DA229B3E29177D1100413CBD /* Instantiatable.swift in Sources */,
				DAAFB2472917AC01007A8DF0 /* PhotoRepository.swift in Sources */,
				DAAFB2442917A1FD007A8DF0 /* Photo.swift in Sources */,
				DA170D93291681A600BFC7B1 /* AppDelegate.swift in Sources */,
				DA229B3B29177A8E00413CBD /* MainTabBarController.swift in Sources */,
				DA170D95291681A600BFC7B1 /* SceneDelegate.swift in Sources */,
				DA229B332917783500413CBD /* PhotoTableViewController.swift in Sources */,
				DA229B2C2917775800413CBD /* WithSideBarViewController.swift in Sources */,
			);
			runOnlyForDeploymentPostprocessing = 0;
		};
		DA170DA1291681A800BFC7B1 /* Sources */ = {
			isa = PBXSourcesBuildPhase;
			buildActionMask = 2147483647;
			files = (
				DA170DAA291681A800BFC7B1 /* ImageCacheExampleTests.swift in Sources */,
			);
			runOnlyForDeploymentPostprocessing = 0;
		};
		DA170DAB291681A800BFC7B1 /* Sources */ = {
			isa = PBXSourcesBuildPhase;
			buildActionMask = 2147483647;
			files = (
				DA170DB6291681A800BFC7B1 /* ImageCacheExampleUITestsLaunchTests.swift in Sources */,
				DA170DB4291681A800BFC7B1 /* ImageCacheExampleUITests.swift in Sources */,
			);
			runOnlyForDeploymentPostprocessing = 0;
		};
/* End PBXSourcesBuildPhase section */

/* Begin PBXTargetDependency section */
		DA170DA7291681A800BFC7B1 /* PBXTargetDependency */ = {
			isa = PBXTargetDependency;
			target = DA170D8E291681A600BFC7B1 /* ImageCacheExample */;
			targetProxy = DA170DA6291681A800BFC7B1 /* PBXContainerItemProxy */;
		};
		DA170DB1291681A800BFC7B1 /* PBXTargetDependency */ = {
			isa = PBXTargetDependency;
			target = DA170D8E291681A600BFC7B1 /* ImageCacheExample */;
			targetProxy = DA170DB0291681A800BFC7B1 /* PBXContainerItemProxy */;
		};
/* End PBXTargetDependency section */

/* Begin PBXVariantGroup section */
		DA170D9D291681A800BFC7B1 /* LaunchScreen.storyboard */ = {
			isa = PBXVariantGroup;
			children = (
				DA170D9E291681A800BFC7B1 /* Base */,
			);
			name = LaunchScreen.storyboard;
			sourceTree = "<group>";
		};
/* End PBXVariantGroup section */

/* Begin XCBuildConfiguration section */
		DA170DB7291681A800BFC7B1 /* Debug */ = {
			isa = XCBuildConfiguration;
			buildSettings = {
				ALWAYS_SEARCH_USER_PATHS = NO;
				CLANG_ANALYZER_NONNULL = YES;
				CLANG_ANALYZER_NUMBER_OBJECT_CONVERSION = YES_AGGRESSIVE;
				CLANG_CXX_LANGUAGE_STANDARD = "gnu++20";
				CLANG_ENABLE_MODULES = YES;
				CLANG_ENABLE_OBJC_ARC = YES;
				CLANG_ENABLE_OBJC_WEAK = YES;
				CLANG_WARN_BLOCK_CAPTURE_AUTORELEASING = YES;
				CLANG_WARN_BOOL_CONVERSION = YES;
				CLANG_WARN_COMMA = YES;
				CLANG_WARN_CONSTANT_CONVERSION = YES;
				CLANG_WARN_DEPRECATED_OBJC_IMPLEMENTATIONS = YES;
				CLANG_WARN_DIRECT_OBJC_ISA_USAGE = YES_ERROR;
				CLANG_WARN_DOCUMENTATION_COMMENTS = YES;
				CLANG_WARN_EMPTY_BODY = YES;
				CLANG_WARN_ENUM_CONVERSION = YES;
				CLANG_WARN_INFINITE_RECURSION = YES;
				CLANG_WARN_INT_CONVERSION = YES;
				CLANG_WARN_NON_LITERAL_NULL_CONVERSION = YES;
				CLANG_WARN_OBJC_IMPLICIT_RETAIN_SELF = YES;
				CLANG_WARN_OBJC_LITERAL_CONVERSION = YES;
				CLANG_WARN_OBJC_ROOT_CLASS = YES_ERROR;
				CLANG_WARN_QUOTED_INCLUDE_IN_FRAMEWORK_HEADER = YES;
				CLANG_WARN_RANGE_LOOP_ANALYSIS = YES;
				CLANG_WARN_STRICT_PROTOTYPES = YES;
				CLANG_WARN_SUSPICIOUS_MOVE = YES;
				CLANG_WARN_UNGUARDED_AVAILABILITY = YES_AGGRESSIVE;
				CLANG_WARN_UNREACHABLE_CODE = YES;
				CLANG_WARN__DUPLICATE_METHOD_MATCH = YES;
				COPY_PHASE_STRIP = NO;
				DEBUG_INFORMATION_FORMAT = dwarf;
				ENABLE_STRICT_OBJC_MSGSEND = YES;
				ENABLE_TESTABILITY = YES;
				GCC_C_LANGUAGE_STANDARD = gnu11;
				GCC_DYNAMIC_NO_PIC = NO;
				GCC_NO_COMMON_BLOCKS = YES;
				GCC_OPTIMIZATION_LEVEL = 0;
				GCC_PREPROCESSOR_DEFINITIONS = (
					"DEBUG=1",
					"$(inherited)",
				);
				GCC_WARN_64_TO_32_BIT_CONVERSION = YES;
				GCC_WARN_ABOUT_RETURN_TYPE = YES_ERROR;
				GCC_WARN_UNDECLARED_SELECTOR = YES;
				GCC_WARN_UNINITIALIZED_AUTOS = YES_AGGRESSIVE;
				GCC_WARN_UNUSED_FUNCTION = YES;
				GCC_WARN_UNUSED_VARIABLE = YES;
				IPHONEOS_DEPLOYMENT_TARGET = 15.0;
				MTL_ENABLE_DEBUG_INFO = INCLUDE_SOURCE;
				MTL_FAST_MATH = YES;
				ONLY_ACTIVE_ARCH = YES;
				SDKROOT = iphoneos;
				SWIFT_ACTIVE_COMPILATION_CONDITIONS = DEBUG;
				SWIFT_OPTIMIZATION_LEVEL = "-Onone";
			};
			name = Debug;
		};
		DA170DB8291681A800BFC7B1 /* Release */ = {
			isa = XCBuildConfiguration;
			buildSettings = {
				ALWAYS_SEARCH_USER_PATHS = NO;
				CLANG_ANALYZER_NONNULL = YES;
				CLANG_ANALYZER_NUMBER_OBJECT_CONVERSION = YES_AGGRESSIVE;
				CLANG_CXX_LANGUAGE_STANDARD = "gnu++20";
				CLANG_ENABLE_MODULES = YES;
				CLANG_ENABLE_OBJC_ARC = YES;
				CLANG_ENABLE_OBJC_WEAK = YES;
				CLANG_WARN_BLOCK_CAPTURE_AUTORELEASING = YES;
				CLANG_WARN_BOOL_CONVERSION = YES;
				CLANG_WARN_COMMA = YES;
				CLANG_WARN_CONSTANT_CONVERSION = YES;
				CLANG_WARN_DEPRECATED_OBJC_IMPLEMENTATIONS = YES;
				CLANG_WARN_DIRECT_OBJC_ISA_USAGE = YES_ERROR;
				CLANG_WARN_DOCUMENTATION_COMMENTS = YES;
				CLANG_WARN_EMPTY_BODY = YES;
				CLANG_WARN_ENUM_CONVERSION = YES;
				CLANG_WARN_INFINITE_RECURSION = YES;
				CLANG_WARN_INT_CONVERSION = YES;
				CLANG_WARN_NON_LITERAL_NULL_CONVERSION = YES;
				CLANG_WARN_OBJC_IMPLICIT_RETAIN_SELF = YES;
				CLANG_WARN_OBJC_LITERAL_CONVERSION = YES;
				CLANG_WARN_OBJC_ROOT_CLASS = YES_ERROR;
				CLANG_WARN_QUOTED_INCLUDE_IN_FRAMEWORK_HEADER = YES;
				CLANG_WARN_RANGE_LOOP_ANALYSIS = YES;
				CLANG_WARN_STRICT_PROTOTYPES = YES;
				CLANG_WARN_SUSPICIOUS_MOVE = YES;
				CLANG_WARN_UNGUARDED_AVAILABILITY = YES_AGGRESSIVE;
				CLANG_WARN_UNREACHABLE_CODE = YES;
				CLANG_WARN__DUPLICATE_METHOD_MATCH = YES;
				COPY_PHASE_STRIP = NO;
				DEBUG_INFORMATION_FORMAT = "dwarf-with-dsym";
				ENABLE_NS_ASSERTIONS = NO;
				ENABLE_STRICT_OBJC_MSGSEND = YES;
				GCC_C_LANGUAGE_STANDARD = gnu11;
				GCC_NO_COMMON_BLOCKS = YES;
				GCC_WARN_64_TO_32_BIT_CONVERSION = YES;
				GCC_WARN_ABOUT_RETURN_TYPE = YES_ERROR;
				GCC_WARN_UNDECLARED_SELECTOR = YES;
				GCC_WARN_UNINITIALIZED_AUTOS = YES_AGGRESSIVE;
				GCC_WARN_UNUSED_FUNCTION = YES;
				GCC_WARN_UNUSED_VARIABLE = YES;
				IPHONEOS_DEPLOYMENT_TARGET = 15.0;
				MTL_ENABLE_DEBUG_INFO = NO;
				MTL_FAST_MATH = YES;
				SDKROOT = iphoneos;
				SWIFT_COMPILATION_MODE = wholemodule;
				SWIFT_OPTIMIZATION_LEVEL = "-O";
				VALIDATE_PRODUCT = YES;
			};
			name = Release;
		};
		DA170DBA291681A800BFC7B1 /* Debug */ = {
			isa = XCBuildConfiguration;
			baseConfigurationReference = 879CF16911722B9CD77AFB68 /* Pods-ImageCacheExample.debug.xcconfig */;
			buildSettings = {
				ASSETCATALOG_COMPILER_APPICON_NAME = AppIcon;
				ASSETCATALOG_COMPILER_GLOBAL_ACCENT_COLOR_NAME = AccentColor;
				CODE_SIGN_STYLE = Automatic;
				CURRENT_PROJECT_VERSION = 1;
				DEVELOPMENT_TEAM = 2AVC8X7323;
				GENERATE_INFOPLIST_FILE = YES;
				INFOPLIST_FILE = ImageCacheExample/Resources/Info.plist;
				INFOPLIST_KEY_UIApplicationSupportsIndirectInputEvents = YES;
				INFOPLIST_KEY_UILaunchStoryboardName = LaunchScreen;
				INFOPLIST_KEY_UIMainStoryboardFile = "";
				INFOPLIST_KEY_UISupportedInterfaceOrientations = UIInterfaceOrientationPortrait;
				LD_RUNPATH_SEARCH_PATHS = (
					"$(inherited)",
					"@executable_path/Frameworks",
				);
				MARKETING_VERSION = 1.0;
				PRODUCT_BUNDLE_IDENTIFIER = com.woin2ee.ImageCacheExample;
				PRODUCT_NAME = "$(TARGET_NAME)";
				SUPPORTED_PLATFORMS = "iphoneos iphonesimulator";
				SUPPORTS_MACCATALYST = NO;
				SUPPORTS_MAC_DESIGNED_FOR_IPHONE_IPAD = NO;
				SWIFT_EMIT_LOC_STRINGS = YES;
				SWIFT_VERSION = 5.0;
				TARGETED_DEVICE_FAMILY = 1;
			};
			name = Debug;
		};
		DA170DBB291681A800BFC7B1 /* Release */ = {
			isa = XCBuildConfiguration;
			baseConfigurationReference = 0DA94FA519FF71F8D8F3BFAB /* Pods-ImageCacheExample.release.xcconfig */;
			buildSettings = {
				ASSETCATALOG_COMPILER_APPICON_NAME = AppIcon;
				ASSETCATALOG_COMPILER_GLOBAL_ACCENT_COLOR_NAME = AccentColor;
				CODE_SIGN_STYLE = Automatic;
				CURRENT_PROJECT_VERSION = 1;
				DEVELOPMENT_TEAM = 2AVC8X7323;
				GENERATE_INFOPLIST_FILE = YES;
				INFOPLIST_FILE = ImageCacheExample/Resources/Info.plist;
				INFOPLIST_KEY_UIApplicationSupportsIndirectInputEvents = YES;
				INFOPLIST_KEY_UILaunchStoryboardName = LaunchScreen;
				INFOPLIST_KEY_UIMainStoryboardFile = "";
				INFOPLIST_KEY_UISupportedInterfaceOrientations = UIInterfaceOrientationPortrait;
				LD_RUNPATH_SEARCH_PATHS = (
					"$(inherited)",
					"@executable_path/Frameworks",
				);
				MARKETING_VERSION = 1.0;
				PRODUCT_BUNDLE_IDENTIFIER = com.woin2ee.ImageCacheExample;
				PRODUCT_NAME = "$(TARGET_NAME)";
				SUPPORTED_PLATFORMS = "iphoneos iphonesimulator";
				SUPPORTS_MACCATALYST = NO;
				SUPPORTS_MAC_DESIGNED_FOR_IPHONE_IPAD = NO;
				SWIFT_EMIT_LOC_STRINGS = YES;
				SWIFT_VERSION = 5.0;
				TARGETED_DEVICE_FAMILY = 1;
			};
			name = Release;
		};
		DA170DBD291681A800BFC7B1 /* Debug */ = {
			isa = XCBuildConfiguration;
			baseConfigurationReference = A8EB14439CD22D1748F35D03 /* Pods-ImageCacheExampleTests.debug.xcconfig */;
			buildSettings = {
				ALWAYS_EMBED_SWIFT_STANDARD_LIBRARIES = YES;
				BUNDLE_LOADER = "$(TEST_HOST)";
				CODE_SIGN_STYLE = Automatic;
				CURRENT_PROJECT_VERSION = 1;
				DEVELOPMENT_TEAM = 2AVC8X7323;
				GENERATE_INFOPLIST_FILE = YES;
				IPHONEOS_DEPLOYMENT_TARGET = 16.0;
				MARKETING_VERSION = 1.0;
				PRODUCT_BUNDLE_IDENTIFIER = com.woin2ee.ImageCacheExampleTests;
				PRODUCT_NAME = "$(TARGET_NAME)";
				SWIFT_EMIT_LOC_STRINGS = NO;
				SWIFT_VERSION = 5.0;
				TARGETED_DEVICE_FAMILY = "1,2";
				TEST_HOST = "$(BUILT_PRODUCTS_DIR)/ImageCacheExample.app/$(BUNDLE_EXECUTABLE_FOLDER_PATH)/ImageCacheExample";
			};
			name = Debug;
		};
		DA170DBE291681A800BFC7B1 /* Release */ = {
			isa = XCBuildConfiguration;
			baseConfigurationReference = F987F8D59FB1B5110DA91CCE /* Pods-ImageCacheExampleTests.release.xcconfig */;
			buildSettings = {
				ALWAYS_EMBED_SWIFT_STANDARD_LIBRARIES = YES;
				BUNDLE_LOADER = "$(TEST_HOST)";
				CODE_SIGN_STYLE = Automatic;
				CURRENT_PROJECT_VERSION = 1;
				DEVELOPMENT_TEAM = 2AVC8X7323;
				GENERATE_INFOPLIST_FILE = YES;
				IPHONEOS_DEPLOYMENT_TARGET = 16.0;
				MARKETING_VERSION = 1.0;
				PRODUCT_BUNDLE_IDENTIFIER = com.woin2ee.ImageCacheExampleTests;
				PRODUCT_NAME = "$(TARGET_NAME)";
				SWIFT_EMIT_LOC_STRINGS = NO;
				SWIFT_VERSION = 5.0;
				TARGETED_DEVICE_FAMILY = "1,2";
				TEST_HOST = "$(BUILT_PRODUCTS_DIR)/ImageCacheExample.app/$(BUNDLE_EXECUTABLE_FOLDER_PATH)/ImageCacheExample";
			};
			name = Release;
		};
		DA170DC0291681A800BFC7B1 /* Debug */ = {
			isa = XCBuildConfiguration;
			baseConfigurationReference = CE8F008ED00DB78AD99B6D56 /* Pods-ImageCacheExample-ImageCacheExampleUITests.debug.xcconfig */;
			buildSettings = {
				ALWAYS_EMBED_SWIFT_STANDARD_LIBRARIES = YES;
				CODE_SIGN_STYLE = Automatic;
				CURRENT_PROJECT_VERSION = 1;
				DEVELOPMENT_TEAM = 2AVC8X7323;
				GENERATE_INFOPLIST_FILE = YES;
				MARKETING_VERSION = 1.0;
				PRODUCT_BUNDLE_IDENTIFIER = com.woin2ee.ImageCacheExampleUITests;
				PRODUCT_NAME = "$(TARGET_NAME)";
				SWIFT_EMIT_LOC_STRINGS = NO;
				SWIFT_VERSION = 5.0;
				TARGETED_DEVICE_FAMILY = "1,2";
				TEST_TARGET_NAME = ImageCacheExample;
			};
			name = Debug;
		};
		DA170DC1291681A800BFC7B1 /* Release */ = {
			isa = XCBuildConfiguration;
			baseConfigurationReference = BA5DDE8C16BC77164289A566 /* Pods-ImageCacheExample-ImageCacheExampleUITests.release.xcconfig */;
			buildSettings = {
				ALWAYS_EMBED_SWIFT_STANDARD_LIBRARIES = YES;
				CODE_SIGN_STYLE = Automatic;
				CURRENT_PROJECT_VERSION = 1;
				DEVELOPMENT_TEAM = 2AVC8X7323;
				GENERATE_INFOPLIST_FILE = YES;
				MARKETING_VERSION = 1.0;
				PRODUCT_BUNDLE_IDENTIFIER = com.woin2ee.ImageCacheExampleUITests;
				PRODUCT_NAME = "$(TARGET_NAME)";
				SWIFT_EMIT_LOC_STRINGS = NO;
				SWIFT_VERSION = 5.0;
				TARGETED_DEVICE_FAMILY = "1,2";
				TEST_TARGET_NAME = ImageCacheExample;
			};
			name = Release;
		};
/* End XCBuildConfiguration section */

/* Begin XCConfigurationList section */
		DA170D8A291681A600BFC7B1 /* Build configuration list for PBXProject "ImageCacheExample" */ = {
			isa = XCConfigurationList;
			buildConfigurations = (
				DA170DB7291681A800BFC7B1 /* Debug */,
				DA170DB8291681A800BFC7B1 /* Release */,
			);
			defaultConfigurationIsVisible = 0;
			defaultConfigurationName = Release;
		};
		DA170DB9291681A800BFC7B1 /* Build configuration list for PBXNativeTarget "ImageCacheExample" */ = {
			isa = XCConfigurationList;
			buildConfigurations = (
				DA170DBA291681A800BFC7B1 /* Debug */,
				DA170DBB291681A800BFC7B1 /* Release */,
			);
			defaultConfigurationIsVisible = 0;
			defaultConfigurationName = Release;
		};
		DA170DBC291681A800BFC7B1 /* Build configuration list for PBXNativeTarget "ImageCacheExampleTests" */ = {
			isa = XCConfigurationList;
			buildConfigurations = (
				DA170DBD291681A800BFC7B1 /* Debug */,
				DA170DBE291681A800BFC7B1 /* Release */,
			);
			defaultConfigurationIsVisible = 0;
			defaultConfigurationName = Release;
		};
		DA170DBF291681A800BFC7B1 /* Build configuration list for PBXNativeTarget "ImageCacheExampleUITests" */ = {
			isa = XCConfigurationList;
			buildConfigurations = (
				DA170DC0291681A800BFC7B1 /* Debug */,
				DA170DC1291681A800BFC7B1 /* Release */,
			);
			defaultConfigurationIsVisible = 0;
			defaultConfigurationName = Release;
		};
/* End XCConfigurationList section */
	};
	rootObject = DA170D87291681A600BFC7B1 /* Project object */;
}
